// !$*UTF8*$!
{
	archiveVersion = 1;
	classes = {
	};
	objectVersion = 46;
	objects = {

/* Begin PBXBuildFile section */
		B01E425D197938C70008CF41 /* GameKit.framework in Frameworks */ = {isa = PBXBuildFile; fileRef = B01E425C197938C70008CF41 /* GameKit.framework */; settings = {ATTRIBUTES = (Required, ); }; };
		B01E4261197962650008CF41 /* GCManager.m in Sources */ = {isa = PBXBuildFile; fileRef = B01E4260197962650008CF41 /* GCManager.m */; };
		B01E4265197962EE0008CF41 /* GCAuthResult.m in Sources */ = {isa = PBXBuildFile; fileRef = B01E4264197962EE0008CF41 /* GCAuthResult.m */; };
		B01E426919798A410008CF41 /* ComboManager.m in Sources */ = {isa = PBXBuildFile; fileRef = B01E426819798A410008CF41 /* ComboManager.m */; };
		B01E426D197D334A0008CF41 /* ComboEntity.m in Sources */ = {isa = PBXBuildFile; fileRef = B01E426C197D334A0008CF41 /* ComboEntity.m */; };
		B01E4270197D335F0008CF41 /* ComboEntityHelper.m in Sources */ = {isa = PBXBuildFile; fileRef = B01E426F197D335F0008CF41 /* ComboEntityHelper.m */; };
		B01E4274197EBFC20008CF41 /* RouteManager.m in Sources */ = {isa = PBXBuildFile; fileRef = B01E4273197EBFC20008CF41 /* RouteManager.m */; };
		B01E4279197FD5DD0008CF41 /* arrow_down@2x.png in Resources */ = {isa = PBXBuildFile; fileRef = B01E4275197FD5DD0008CF41 /* arrow_down@2x.png */; };
		B01E427A197FD5DD0008CF41 /* arrow_left@2x.png in Resources */ = {isa = PBXBuildFile; fileRef = B01E4276197FD5DD0008CF41 /* arrow_left@2x.png */; };
		B01E427B197FD5DD0008CF41 /* arrow_right@2x.png in Resources */ = {isa = PBXBuildFile; fileRef = B01E4277197FD5DD0008CF41 /* arrow_right@2x.png */; };
		B01E427C197FD5DD0008CF41 /* arrow_up@2x.png in Resources */ = {isa = PBXBuildFile; fileRef = B01E4278197FD5DD0008CF41 /* arrow_up@2x.png */; };
		B01E4280198165B30008CF41 /* RewardEffect.sks in Resources */ = {isa = PBXBuildFile; fileRef = B01E427F198165B30008CF41 /* RewardEffect.sks */; };
		B01E4284198257F20008CF41 /* RouteEffect.sks in Resources */ = {isa = PBXBuildFile; fileRef = B01E4283198257F20008CF41 /* RouteEffect.sks */; };
		B01E428B1982AAEA0008CF41 /* CommonTools.m in Sources */ = {isa = PBXBuildFile; fileRef = B01E428A1982AAEA0008CF41 /* CommonTools.m */; };
		B01EF5C11983CE6200B412C6 /* line_white.png in Resources */ = {isa = PBXBuildFile; fileRef = B01EF5C01983CE6200B412C6 /* line_white.png */; };
		B01EF5C31983D45B00B412C6 /* BgEffect.sks in Resources */ = {isa = PBXBuildFile; fileRef = B01EF5C21983D45B00B412C6 /* BgEffect.sks */; };
		B01EF5C81983EEB400B412C6 /* Meteor.m in Sources */ = {isa = PBXBuildFile; fileRef = B01EF5C71983EEB400B412C6 /* Meteor.m */; };
		B01EF5CB1983F88500B412C6 /* iranytu_alap@2x.png in Resources */ = {isa = PBXBuildFile; fileRef = B01EF5C91983F88500B412C6 /* iranytu_alap@2x.png */; };
		B01EF5CC1983F88500B412C6 /* iranytu@2x.png in Resources */ = {isa = PBXBuildFile; fileRef = B01EF5CA1983F88500B412C6 /* iranytu@2x.png */; };
		B01EF5DC1986540F00B412C6 /* AchievementCell.m in Sources */ = {isa = PBXBuildFile; fileRef = B01EF5DA1986540F00B412C6 /* AchievementCell.m */; };
		B01EF5DD1986540F00B412C6 /* AchievementCell.xib in Resources */ = {isa = PBXBuildFile; fileRef = B01EF5DB1986540F00B412C6 /* AchievementCell.xib */; };
		B01EF5E019866C9200B412C6 /* AchievementHeader.m in Sources */ = {isa = PBXBuildFile; fileRef = B01EF5DF19866C9200B412C6 /* AchievementHeader.m */; };
		B01EF5E61986736200B412C6 /* AchievementsViewController.m in Sources */ = {isa = PBXBuildFile; fileRef = B01EF5E41986736200B412C6 /* AchievementsViewController.m */; };
		B01EF5E71986736200B412C6 /* AchievementsViewController.xib in Resources */ = {isa = PBXBuildFile; fileRef = B01EF5E51986736200B412C6 /* AchievementsViewController.xib */; };
		B01EF5E9198678EC00B412C6 /* AchievementHeader.xib in Resources */ = {isa = PBXBuildFile; fileRef = B01EF5E8198678EC00B412C6 /* AchievementHeader.xib */; };
		B01EF5F319869B4100B412C6 /* scrollalot_header@2x.png in Resources */ = {isa = PBXBuildFile; fileRef = B01EF5F119869B4100B412C6 /* scrollalot_header@2x.png */; };
		B01EF5F81986A40900B412C6 /* iarnytu_alap120@2x.png in Resources */ = {isa = PBXBuildFile; fileRef = B01EF5F61986A40900B412C6 /* iarnytu_alap120@2x.png */; };
		B01EF5F91986A40900B412C6 /* iranytu120@2x.png in Resources */ = {isa = PBXBuildFile; fileRef = B01EF5F71986A40900B412C6 /* iranytu120@2x.png */; };
		B01EF5FB1986A8EE00B412C6 /* Tekton Pro Bold.ttf in Resources */ = {isa = PBXBuildFile; fileRef = B01EF5FA1986A8EE00B412C6 /* Tekton Pro Bold.ttf */; };
		B01EF6081987825600B412C6 /* ComboCell.m in Sources */ = {isa = PBXBuildFile; fileRef = B01EF6071987825600B412C6 /* ComboCell.m */; };
		B01EF60A1987826500B412C6 /* ComboCell.xib in Resources */ = {isa = PBXBuildFile; fileRef = B01EF6091987826500B412C6 /* ComboCell.xib */; };
		B01EF60D19878D8700B412C6 /* iranytu_alap200@2x.png in Resources */ = {isa = PBXBuildFile; fileRef = B01EF60B19878D8700B412C6 /* iranytu_alap200@2x.png */; };
		B01EF60E19878D8700B412C6 /* iranytu200@2x.png in Resources */ = {isa = PBXBuildFile; fileRef = B01EF60C19878D8700B412C6 /* iranytu200@2x.png */; };
		B01EF6111987CB1F00B412C6 /* screen_also@2x.png in Resources */ = {isa = PBXBuildFile; fileRef = B01EF60F1987CB1F00B412C6 /* screen_also@2x.png */; };
		B01EF6121987CB2000B412C6 /* screen_felso@2x.png in Resources */ = {isa = PBXBuildFile; fileRef = B01EF6101987CB1F00B412C6 /* screen_felso@2x.png */; };
		B01EF6151987CE3F00B412C6 /* intro_also@2x.png in Resources */ = {isa = PBXBuildFile; fileRef = B01EF6131987CE3F00B412C6 /* intro_also@2x.png */; };
		B01EF6161987CE3F00B412C6 /* intro_felso@2x.png in Resources */ = {isa = PBXBuildFile; fileRef = B01EF6141987CE3F00B412C6 /* intro_felso@2x.png */; };
		B01EF6181987E17F00B412C6 /* scrollalot_title@2x.png in Resources */ = {isa = PBXBuildFile; fileRef = B01EF6171987E17F00B412C6 /* scrollalot_title@2x.png */; };
		B01EF61F1987FE0600B412C6 /* mongi_nagy1@2x.png in Resources */ = {isa = PBXBuildFile; fileRef = B01EF61B1987FE0600B412C6 /* mongi_nagy1@2x.png */; };
		B01EF6201987FE0600B412C6 /* mongi_nagy2@2x.png in Resources */ = {isa = PBXBuildFile; fileRef = B01EF61C1987FE0600B412C6 /* mongi_nagy2@2x.png */; };
		B01EF623198807E500B412C6 /* mongi_kicsi1@2x.png in Resources */ = {isa = PBXBuildFile; fileRef = B01EF621198807E500B412C6 /* mongi_kicsi1@2x.png */; };
		B01EF624198807E500B412C6 /* mongi_kicsi2@2x.png in Resources */ = {isa = PBXBuildFile; fileRef = B01EF622198807E500B412C6 /* mongi_kicsi2@2x.png */; };
		B01EF6271988EAAD00B412C6 /* combo_scr_5@2x.png in Resources */ = {isa = PBXBuildFile; fileRef = B01EF6251988EAAD00B412C6 /* combo_scr_5@2x.png */; };
		B01EF6281988EAAD00B412C6 /* routes_scr_5@2x.png in Resources */ = {isa = PBXBuildFile; fileRef = B01EF6261988EAAD00B412C6 /* routes_scr_5@2x.png */; };
		B01EF62F1988F2F100B412C6 /* combo_scr_4@2x.png in Resources */ = {isa = PBXBuildFile; fileRef = B01EF62D1988F2F100B412C6 /* combo_scr_4@2x.png */; };
		B01EF6301988F2F100B412C6 /* routes_scr_4@2x.png in Resources */ = {isa = PBXBuildFile; fileRef = B01EF62E1988F2F100B412C6 /* routes_scr_4@2x.png */; };
		B01EF6331989095400B412C6 /* Pacifico.ttf in Resources */ = {isa = PBXBuildFile; fileRef = B01EF6321989070000B412C6 /* Pacifico.ttf */; };
		B01EF63A198910E000B412C6 /* arrow_white_left@2x.png in Resources */ = {isa = PBXBuildFile; fileRef = B01EF638198910E000B412C6 /* arrow_white_left@2x.png */; };
		B01EF63B198910E000B412C6 /* arrow_white_right@2x.png in Resources */ = {isa = PBXBuildFile; fileRef = B01EF639198910E000B412C6 /* arrow_white_right@2x.png */; };
		B04B2C841976774A008D0528 /* SwipeEmitter.sks in Resources */ = {isa = PBXBuildFile; fileRef = B04B2C821976774A008D0528 /* SwipeEmitter.sks */; };
		B04B2C851976774A008D0528 /* spark.png in Resources */ = {isa = PBXBuildFile; fileRef = B04B2C831976774A008D0528 /* spark.png */; };
		B04B2C881976B091008D0528 /* ParallaxBG.m in Sources */ = {isa = PBXBuildFile; fileRef = B04B2C871976B091008D0528 /* ParallaxBG.m */; };
		B0649EAE19894C0F00287639 /* route10@2x.png in Resources */ = {isa = PBXBuildFile; fileRef = B0649EAD19894C0F00287639 /* route10@2x.png */; };
		B0649EB2198A762000287639 /* CCHexagonFlowLayout.m in Sources */ = {isa = PBXBuildFile; fileRef = B0649EB1198A762000287639 /* CCHexagonFlowLayout.m */; };
		B0649EB5198A812800287639 /* RoutePackage2.plist in Resources */ = {isa = PBXBuildFile; fileRef = B0649EB4198A812800287639 /* RoutePackage2.plist */; };
		B0649ED5198A9A5700287639 /* scrollalot_combo_central@2x.png in Resources */ = {isa = PBXBuildFile; fileRef = B0649EC9198A9A5700287639 /* scrollalot_combo_central@2x.png */; };
		B0649ED6198A9A5700287639 /* scrollalot_combo_dance@2x.png in Resources */ = {isa = PBXBuildFile; fileRef = B0649ECA198A9A5700287639 /* scrollalot_combo_dance@2x.png */; };
		B0649ED7198A9A5700287639 /* scrollalot_combo_jumpy@2x.png in Resources */ = {isa = PBXBuildFile; fileRef = B0649ECB198A9A5700287639 /* scrollalot_combo_jumpy@2x.png */; };
		B0649ED8198A9A5700287639 /* scrollalot_combo_manydown@2x.png in Resources */ = {isa = PBXBuildFile; fileRef = B0649ECC198A9A5700287639 /* scrollalot_combo_manydown@2x.png */; };
		B0649ED9198A9A5700287639 /* scrollalot_combo_manyleft@2x.png in Resources */ = {isa = PBXBuildFile; fileRef = B0649ECD198A9A5700287639 /* scrollalot_combo_manyleft@2x.png */; };
		B0649EDA198A9A5700287639 /* scrollalot_combo_manyright@2x.png in Resources */ = {isa = PBXBuildFile; fileRef = B0649ECE198A9A5700287639 /* scrollalot_combo_manyright@2x.png */; };
		B0649EDB198A9A5700287639 /* scrollalot_combo_manyup@2x.png in Resources */ = {isa = PBXBuildFile; fileRef = B0649ECF198A9A5700287639 /* scrollalot_combo_manyup@2x.png */; };
		B0649EDC198A9A5700287639 /* scrollalot_combo_rush@2x.png in Resources */ = {isa = PBXBuildFile; fileRef = B0649ED0198A9A5700287639 /* scrollalot_combo_rush@2x.png */; };
		B0649EDD198A9A5700287639 /* scrollalot_combo_shaky@2x.png in Resources */ = {isa = PBXBuildFile; fileRef = B0649ED1198A9A5700287639 /* scrollalot_combo_shaky@2x.png */; };
		B0649EDE198A9A5700287639 /* scrollalot_combo_tornado@2x.png in Resources */ = {isa = PBXBuildFile; fileRef = B0649ED2198A9A5700287639 /* scrollalot_combo_tornado@2x.png */; };
		B0649EDF198A9A5700287639 /* scrollalot_combo_twister@2x.png in Resources */ = {isa = PBXBuildFile; fileRef = B0649ED3198A9A5700287639 /* scrollalot_combo_twister@2x.png */; };
		B0649EE0198A9A5700287639 /* scrollalot_combo_whirlpool@2x.png in Resources */ = {isa = PBXBuildFile; fileRef = B0649ED4198A9A5700287639 /* scrollalot_combo_whirlpool@2x.png */; };
		B0649EE5198B9DFD00287639 /* Default@2x.png in Resources */ = {isa = PBXBuildFile; fileRef = B0649EE3198B9DFD00287639 /* Default@2x.png */; };
		B0649EE8198BEC8F00287639 /* Default-568h@2x.png in Resources */ = {isa = PBXBuildFile; fileRef = B0649EE7198BEC8F00287639 /* Default-568h@2x.png */; };
		B0649EEA198BEFD100287639 /* tutorial_arrow@2x.png in Resources */ = {isa = PBXBuildFile; fileRef = B0649EE9198BEFD100287639 /* tutorial_arrow@2x.png */; };
		B0649EED198BF2AD00287639 /* tutorial_arrow_up@2x.png in Resources */ = {isa = PBXBuildFile; fileRef = B0649EEC198BF2AD00287639 /* tutorial_arrow_up@2x.png */; };
		B0649EF1198BF31700287639 /* tutorial_arrow_down@2x.png in Resources */ = {isa = PBXBuildFile; fileRef = B0649EEE198BF31700287639 /* tutorial_arrow_down@2x.png */; };
		B0649EF2198BF31700287639 /* tutorial_arrow_left@2x.png in Resources */ = {isa = PBXBuildFile; fileRef = B0649EEF198BF31700287639 /* tutorial_arrow_left@2x.png */; };
		B0649EF3198BF31700287639 /* tutorial_arrow_right@2x.png in Resources */ = {isa = PBXBuildFile; fileRef = B0649EF0198BF31700287639 /* tutorial_arrow_right@2x.png */; };
		B09B800C196F027000800BD4 /* Foundation.framework in Frameworks */ = {isa = PBXBuildFile; fileRef = B09B800B196F027000800BD4 /* Foundation.framework */; };
		B09B800E196F027000800BD4 /* CoreGraphics.framework in Frameworks */ = {isa = PBXBuildFile; fileRef = B09B800D196F027000800BD4 /* CoreGraphics.framework */; };
		B09B8010196F027000800BD4 /* UIKit.framework in Frameworks */ = {isa = PBXBuildFile; fileRef = B09B800F196F027000800BD4 /* UIKit.framework */; };
		B09B8012196F027000800BD4 /* SpriteKit.framework in Frameworks */ = {isa = PBXBuildFile; fileRef = B09B8011196F027000800BD4 /* SpriteKit.framework */; };
		B09B8018196F027000800BD4 /* InfoPlist.strings in Resources */ = {isa = PBXBuildFile; fileRef = B09B8016196F027000800BD4 /* InfoPlist.strings */; };
		B09B801A196F027000800BD4 /* main.m in Sources */ = {isa = PBXBuildFile; fileRef = B09B8019196F027000800BD4 /* main.m */; };
		B09B801E196F027000800BD4 /* AppDelegate.m in Sources */ = {isa = PBXBuildFile; fileRef = B09B801D196F027000800BD4 /* AppDelegate.m */; };
		B09B8021196F027000800BD4 /* Main.storyboard in Resources */ = {isa = PBXBuildFile; fileRef = B09B801F196F027000800BD4 /* Main.storyboard */; };
		B09B8024196F027000800BD4 /* ScrollViewController.m in Sources */ = {isa = PBXBuildFile; fileRef = B09B8023196F027000800BD4 /* ScrollViewController.m */; };
		B09B8027196F027000800BD4 /* ScrollScene.m in Sources */ = {isa = PBXBuildFile; fileRef = B09B8026196F027000800BD4 /* ScrollScene.m */; };
		B09B802B196F027000800BD4 /* Images.xcassets in Resources */ = {isa = PBXBuildFile; fileRef = B09B802A196F027000800BD4 /* Images.xcassets */; };
		B09B8032196F027000800BD4 /* XCTest.framework in Frameworks */ = {isa = PBXBuildFile; fileRef = B09B8031196F027000800BD4 /* XCTest.framework */; };
		B09B8033196F027000800BD4 /* Foundation.framework in Frameworks */ = {isa = PBXBuildFile; fileRef = B09B800B196F027000800BD4 /* Foundation.framework */; };
		B09B8034196F027000800BD4 /* UIKit.framework in Frameworks */ = {isa = PBXBuildFile; fileRef = B09B800F196F027000800BD4 /* UIKit.framework */; };
		B09B803C196F027000800BD4 /* InfoPlist.strings in Resources */ = {isa = PBXBuildFile; fileRef = B09B803A196F027000800BD4 /* InfoPlist.strings */; };
		B09B803E196F027000800BD4 /* scrollalotTests.m in Sources */ = {isa = PBXBuildFile; fileRef = B09B803D196F027000800BD4 /* scrollalotTests.m */; };
		B09B804A196F02AE00800BD4 /* SceneObject.m in Sources */ = {isa = PBXBuildFile; fileRef = B09B8049196F02AE00800BD4 /* SceneObject.m */; };
		B09B8053196F043A00800BD4 /* MarkerObject.m in Sources */ = {isa = PBXBuildFile; fileRef = B09B8052196F043A00800BD4 /* MarkerObject.m */; };
		B09B8055197A958100800BD4 /* ComboPackage1.plist in Resources */ = {isa = PBXBuildFile; fileRef = B09B8054197A958100800BD4 /* ComboPackage1.plist */; };
		B0A0C590197ED2EB000528DA /* RoutePackage1.plist in Resources */ = {isa = PBXBuildFile; fileRef = B0A0C58F197ED2EB000528DA /* RoutePackage1.plist */; };
		B0A0C593197ED376000528DA /* RouteEntity.m in Sources */ = {isa = PBXBuildFile; fileRef = B0A0C592197ED376000528DA /* RouteEntity.m */; };
		B0A0C596197ED387000528DA /* RouteEntityHelper.m in Sources */ = {isa = PBXBuildFile; fileRef = B0A0C595197ED387000528DA /* RouteEntityHelper.m */; };
		B0A0C599198CD93C000528DA /* ikon120.png in Resources */ = {isa = PBXBuildFile; fileRef = B0A0C598198CD93C000528DA /* ikon120.png */; };
		B0A0C59C198CEED7000528DA /* ok_button_on@2x.png in Resources */ = {isa = PBXBuildFile; fileRef = B0A0C59A198CEED7000528DA /* ok_button_on@2x.png */; };
		B0A0C59D198CEED7000528DA /* ok_button@2x.png in Resources */ = {isa = PBXBuildFile; fileRef = B0A0C59B198CEED7000528DA /* ok_button@2x.png */; };
		B0A0C5A3198CF53D000528DA /* route5@2x.png in Resources */ = {isa = PBXBuildFile; fileRef = B0A0C59F198CF53D000528DA /* route5@2x.png */; };
		B0A0C5A4198CF53D000528DA /* route7@2x.png in Resources */ = {isa = PBXBuildFile; fileRef = B0A0C5A0198CF53D000528DA /* route7@2x.png */; };
		B0A0C5A5198CF53D000528DA /* route12@2x.png in Resources */ = {isa = PBXBuildFile; fileRef = B0A0C5A1198CF53D000528DA /* route12@2x.png */; };
		B0A0C5A6198CF53D000528DA /* route20@2x.png in Resources */ = {isa = PBXBuildFile; fileRef = B0A0C5A2198CF53D000528DA /* route20@2x.png */; };
		B0A0C5A8198CF58C000528DA /* RoutePackage3.plist in Resources */ = {isa = PBXBuildFile; fileRef = B0A0C5A7198CF58C000528DA /* RoutePackage3.plist */; };
		B0ECE167196FEC5500A6F3C5 /* square.png in Resources */ = {isa = PBXBuildFile; fileRef = B0ECE166196FEC5500A6F3C5 /* square.png */; };
		B0ECE16B1970133D00A6F3C5 /* DBAccessLayer.m in Sources */ = {isa = PBXBuildFile; fileRef = B0ECE16A1970133D00A6F3C5 /* DBAccessLayer.m */; };
		B0ECE16E1970135200A6F3C5 /* ScrollalotDataModel.xcdatamodeld in Sources */ = {isa = PBXBuildFile; fileRef = B0ECE16C1970135200A6F3C5 /* ScrollalotDataModel.xcdatamodeld */; };
		B0ECE174197013AB00A6F3C5 /* GlobalAppProperties.m in Sources */ = {isa = PBXBuildFile; fileRef = B0ECE173197013AB00A6F3C5 /* GlobalAppProperties.m */; };
		B0ECE17619702FBB00A6F3C5 /* achievements.plist in Resources */ = {isa = PBXBuildFile; fileRef = B0ECE17519702FBB00A6F3C5 /* achievements.plist */; };
		B0ECE17E19703D9700A6F3C5 /* NetworkManager.m in Sources */ = {isa = PBXBuildFile; fileRef = B0ECE17919703D9700A6F3C5 /* NetworkManager.m */; };
		B0ECE17F19703D9700A6F3C5 /* RequestHelper.m in Sources */ = {isa = PBXBuildFile; fileRef = B0ECE17B19703D9700A6F3C5 /* RequestHelper.m */; };
		B0ECE18019703D9700A6F3C5 /* ResponseHelper.m in Sources */ = {isa = PBXBuildFile; fileRef = B0ECE17D19703D9700A6F3C5 /* ResponseHelper.m */; };
/* End PBXBuildFile section */

/* Begin PBXContainerItemProxy section */
		B09B8035196F027000800BD4 /* PBXContainerItemProxy */ = {
			isa = PBXContainerItemProxy;
			containerPortal = B09B8000196F027000800BD4 /* Project object */;
			proxyType = 1;
			remoteGlobalIDString = B09B8007196F027000800BD4;
			remoteInfo = scrollalot;
		};
/* End PBXContainerItemProxy section */

/* Begin PBXFileReference section */
		B01E425C197938C70008CF41 /* GameKit.framework */ = {isa = PBXFileReference; lastKnownFileType = wrapper.framework; name = GameKit.framework; path = System/Library/Frameworks/GameKit.framework; sourceTree = SDKROOT; };
		B01E425F197962650008CF41 /* GCManager.h */ = {isa = PBXFileReference; fileEncoding = 4; lastKnownFileType = sourcecode.c.h; path = GCManager.h; sourceTree = "<group>"; };
		B01E4260197962650008CF41 /* GCManager.m */ = {isa = PBXFileReference; fileEncoding = 4; lastKnownFileType = sourcecode.c.objc; path = GCManager.m; sourceTree = "<group>"; };
		B01E4262197962C40008CF41 /* GCManagerDelegate.h */ = {isa = PBXFileReference; lastKnownFileType = sourcecode.c.h; path = GCManagerDelegate.h; sourceTree = "<group>"; };
		B01E4263197962EE0008CF41 /* GCAuthResult.h */ = {isa = PBXFileReference; fileEncoding = 4; lastKnownFileType = sourcecode.c.h; path = GCAuthResult.h; sourceTree = "<group>"; };
		B01E4264197962EE0008CF41 /* GCAuthResult.m */ = {isa = PBXFileReference; fileEncoding = 4; lastKnownFileType = sourcecode.c.objc; path = GCAuthResult.m; sourceTree = "<group>"; };
		B01E426719798A410008CF41 /* ComboManager.h */ = {isa = PBXFileReference; fileEncoding = 4; lastKnownFileType = sourcecode.c.h; path = ComboManager.h; sourceTree = "<group>"; };
		B01E426819798A410008CF41 /* ComboManager.m */ = {isa = PBXFileReference; fileEncoding = 4; lastKnownFileType = sourcecode.c.objc; path = ComboManager.m; sourceTree = "<group>"; };
		B01E426A19798D4E0008CF41 /* ComboManagerDelegate.h */ = {isa = PBXFileReference; lastKnownFileType = sourcecode.c.h; path = ComboManagerDelegate.h; sourceTree = "<group>"; };
		B01E426B197D334A0008CF41 /* ComboEntity.h */ = {isa = PBXFileReference; fileEncoding = 4; lastKnownFileType = sourcecode.c.h; path = ComboEntity.h; sourceTree = "<group>"; };
		B01E426C197D334A0008CF41 /* ComboEntity.m */ = {isa = PBXFileReference; fileEncoding = 4; lastKnownFileType = sourcecode.c.objc; path = ComboEntity.m; sourceTree = "<group>"; };
		B01E426E197D335F0008CF41 /* ComboEntityHelper.h */ = {isa = PBXFileReference; fileEncoding = 4; lastKnownFileType = sourcecode.c.h; path = ComboEntityHelper.h; sourceTree = "<group>"; };
		B01E426F197D335F0008CF41 /* ComboEntityHelper.m */ = {isa = PBXFileReference; fileEncoding = 4; lastKnownFileType = sourcecode.c.objc; path = ComboEntityHelper.m; sourceTree = "<group>"; };
		B01E4272197EBFC20008CF41 /* RouteManager.h */ = {isa = PBXFileReference; fileEncoding = 4; lastKnownFileType = sourcecode.c.h; path = RouteManager.h; sourceTree = "<group>"; };
		B01E4273197EBFC20008CF41 /* RouteManager.m */ = {isa = PBXFileReference; fileEncoding = 4; lastKnownFileType = sourcecode.c.objc; path = RouteManager.m; sourceTree = "<group>"; };
		B01E4275197FD5DD0008CF41 /* arrow_down@2x.png */ = {isa = PBXFileReference; lastKnownFileType = image.png; path = "arrow_down@2x.png"; sourceTree = "<group>"; };
		B01E4276197FD5DD0008CF41 /* arrow_left@2x.png */ = {isa = PBXFileReference; lastKnownFileType = image.png; path = "arrow_left@2x.png"; sourceTree = "<group>"; };
		B01E4277197FD5DD0008CF41 /* arrow_right@2x.png */ = {isa = PBXFileReference; lastKnownFileType = image.png; path = "arrow_right@2x.png"; sourceTree = "<group>"; };
		B01E4278197FD5DD0008CF41 /* arrow_up@2x.png */ = {isa = PBXFileReference; lastKnownFileType = image.png; path = "arrow_up@2x.png"; sourceTree = "<group>"; };
		B01E427F198165B30008CF41 /* RewardEffect.sks */ = {isa = PBXFileReference; lastKnownFileType = file.sks; path = RewardEffect.sks; sourceTree = "<group>"; };
		B01E4283198257F20008CF41 /* RouteEffect.sks */ = {isa = PBXFileReference; lastKnownFileType = file.sks; path = RouteEffect.sks; sourceTree = "<group>"; };
		B01E42891982AAEA0008CF41 /* CommonTools.h */ = {isa = PBXFileReference; fileEncoding = 4; lastKnownFileType = sourcecode.c.h; path = CommonTools.h; sourceTree = "<group>"; };
		B01E428A1982AAEA0008CF41 /* CommonTools.m */ = {isa = PBXFileReference; fileEncoding = 4; lastKnownFileType = sourcecode.c.objc; path = CommonTools.m; sourceTree = "<group>"; };
		B01EF5C01983CE6200B412C6 /* line_white.png */ = {isa = PBXFileReference; lastKnownFileType = image.png; path = line_white.png; sourceTree = "<group>"; };
		B01EF5C21983D45B00B412C6 /* BgEffect.sks */ = {isa = PBXFileReference; lastKnownFileType = file.sks; path = BgEffect.sks; sourceTree = "<group>"; };
		B01EF5C61983EEB400B412C6 /* Meteor.h */ = {isa = PBXFileReference; fileEncoding = 4; lastKnownFileType = sourcecode.c.h; path = Meteor.h; sourceTree = "<group>"; };
		B01EF5C71983EEB400B412C6 /* Meteor.m */ = {isa = PBXFileReference; fileEncoding = 4; lastKnownFileType = sourcecode.c.objc; path = Meteor.m; sourceTree = "<group>"; };
		B01EF5C91983F88500B412C6 /* iranytu_alap@2x.png */ = {isa = PBXFileReference; lastKnownFileType = image.png; path = "iranytu_alap@2x.png"; sourceTree = "<group>"; };
		B01EF5CA1983F88500B412C6 /* iranytu@2x.png */ = {isa = PBXFileReference; lastKnownFileType = image.png; path = "iranytu@2x.png"; sourceTree = "<group>"; };
		B01EF5D91986540F00B412C6 /* AchievementCell.h */ = {isa = PBXFileReference; fileEncoding = 4; lastKnownFileType = sourcecode.c.h; path = AchievementCell.h; sourceTree = "<group>"; };
		B01EF5DA1986540F00B412C6 /* AchievementCell.m */ = {isa = PBXFileReference; fileEncoding = 4; lastKnownFileType = sourcecode.c.objc; path = AchievementCell.m; sourceTree = "<group>"; };
		B01EF5DB1986540F00B412C6 /* AchievementCell.xib */ = {isa = PBXFileReference; fileEncoding = 4; lastKnownFileType = file.xib; path = AchievementCell.xib; sourceTree = "<group>"; };
		B01EF5DE19866C9200B412C6 /* AchievementHeader.h */ = {isa = PBXFileReference; fileEncoding = 4; lastKnownFileType = sourcecode.c.h; path = AchievementHeader.h; sourceTree = "<group>"; };
		B01EF5DF19866C9200B412C6 /* AchievementHeader.m */ = {isa = PBXFileReference; fileEncoding = 4; lastKnownFileType = sourcecode.c.objc; path = AchievementHeader.m; sourceTree = "<group>"; };
		B01EF5E31986736200B412C6 /* AchievementsViewController.h */ = {isa = PBXFileReference; fileEncoding = 4; lastKnownFileType = sourcecode.c.h; path = AchievementsViewController.h; sourceTree = "<group>"; };
		B01EF5E41986736200B412C6 /* AchievementsViewController.m */ = {isa = PBXFileReference; fileEncoding = 4; lastKnownFileType = sourcecode.c.objc; path = AchievementsViewController.m; sourceTree = "<group>"; };
		B01EF5E51986736200B412C6 /* AchievementsViewController.xib */ = {isa = PBXFileReference; fileEncoding = 4; lastKnownFileType = file.xib; path = AchievementsViewController.xib; sourceTree = "<group>"; };
		B01EF5E8198678EC00B412C6 /* AchievementHeader.xib */ = {isa = PBXFileReference; fileEncoding = 4; lastKnownFileType = file.xib; path = AchievementHeader.xib; sourceTree = "<group>"; };
		B01EF5F119869B4100B412C6 /* scrollalot_header@2x.png */ = {isa = PBXFileReference; lastKnownFileType = image.png; path = "scrollalot_header@2x.png"; sourceTree = "<group>"; };
		B01EF5F61986A40900B412C6 /* iarnytu_alap120@2x.png */ = {isa = PBXFileReference; lastKnownFileType = image.png; path = "iarnytu_alap120@2x.png"; sourceTree = "<group>"; };
		B01EF5F71986A40900B412C6 /* iranytu120@2x.png */ = {isa = PBXFileReference; lastKnownFileType = image.png; path = "iranytu120@2x.png"; sourceTree = "<group>"; };
		B01EF5FA1986A8EE00B412C6 /* Tekton Pro Bold.ttf */ = {isa = PBXFileReference; lastKnownFileType = file; path = "Tekton Pro Bold.ttf"; sourceTree = "<group>"; };
		B01EF6061987825600B412C6 /* ComboCell.h */ = {isa = PBXFileReference; fileEncoding = 4; lastKnownFileType = sourcecode.c.h; path = ComboCell.h; sourceTree = "<group>"; };
		B01EF6071987825600B412C6 /* ComboCell.m */ = {isa = PBXFileReference; fileEncoding = 4; lastKnownFileType = sourcecode.c.objc; path = ComboCell.m; sourceTree = "<group>"; };
		B01EF6091987826500B412C6 /* ComboCell.xib */ = {isa = PBXFileReference; fileEncoding = 4; lastKnownFileType = file.xib; path = ComboCell.xib; sourceTree = "<group>"; };
		B01EF60B19878D8700B412C6 /* iranytu_alap200@2x.png */ = {isa = PBXFileReference; lastKnownFileType = image.png; path = "iranytu_alap200@2x.png"; sourceTree = "<group>"; };
		B01EF60C19878D8700B412C6 /* iranytu200@2x.png */ = {isa = PBXFileReference; lastKnownFileType = image.png; path = "iranytu200@2x.png"; sourceTree = "<group>"; };
		B01EF60F1987CB1F00B412C6 /* screen_also@2x.png */ = {isa = PBXFileReference; lastKnownFileType = image.png; path = "screen_also@2x.png"; sourceTree = "<group>"; };
		B01EF6101987CB1F00B412C6 /* screen_felso@2x.png */ = {isa = PBXFileReference; lastKnownFileType = image.png; path = "screen_felso@2x.png"; sourceTree = "<group>"; };
		B01EF6131987CE3F00B412C6 /* intro_also@2x.png */ = {isa = PBXFileReference; lastKnownFileType = image.png; path = "intro_also@2x.png"; sourceTree = "<group>"; };
		B01EF6141987CE3F00B412C6 /* intro_felso@2x.png */ = {isa = PBXFileReference; lastKnownFileType = image.png; path = "intro_felso@2x.png"; sourceTree = "<group>"; };
		B01EF6171987E17F00B412C6 /* scrollalot_title@2x.png */ = {isa = PBXFileReference; lastKnownFileType = image.png; path = "scrollalot_title@2x.png"; sourceTree = "<group>"; };
		B01EF61B1987FE0600B412C6 /* mongi_nagy1@2x.png */ = {isa = PBXFileReference; lastKnownFileType = image.png; path = "mongi_nagy1@2x.png"; sourceTree = "<group>"; };
		B01EF61C1987FE0600B412C6 /* mongi_nagy2@2x.png */ = {isa = PBXFileReference; lastKnownFileType = image.png; path = "mongi_nagy2@2x.png"; sourceTree = "<group>"; };
		B01EF621198807E500B412C6 /* mongi_kicsi1@2x.png */ = {isa = PBXFileReference; lastKnownFileType = image.png; path = "mongi_kicsi1@2x.png"; sourceTree = "<group>"; };
		B01EF622198807E500B412C6 /* mongi_kicsi2@2x.png */ = {isa = PBXFileReference; lastKnownFileType = image.png; path = "mongi_kicsi2@2x.png"; sourceTree = "<group>"; };
		B01EF6251988EAAD00B412C6 /* combo_scr_5@2x.png */ = {isa = PBXFileReference; lastKnownFileType = image.png; path = "combo_scr_5@2x.png"; sourceTree = "<group>"; };
		B01EF6261988EAAD00B412C6 /* routes_scr_5@2x.png */ = {isa = PBXFileReference; lastKnownFileType = image.png; path = "routes_scr_5@2x.png"; sourceTree = "<group>"; };
		B01EF62D1988F2F100B412C6 /* combo_scr_4@2x.png */ = {isa = PBXFileReference; lastKnownFileType = image.png; path = "combo_scr_4@2x.png"; sourceTree = "<group>"; };
		B01EF62E1988F2F100B412C6 /* routes_scr_4@2x.png */ = {isa = PBXFileReference; lastKnownFileType = image.png; path = "routes_scr_4@2x.png"; sourceTree = "<group>"; };
		B01EF6321989070000B412C6 /* Pacifico.ttf */ = {isa = PBXFileReference; lastKnownFileType = file; path = Pacifico.ttf; sourceTree = "<group>"; };
		B01EF638198910E000B412C6 /* arrow_white_left@2x.png */ = {isa = PBXFileReference; lastKnownFileType = image.png; path = "arrow_white_left@2x.png"; sourceTree = "<group>"; };
		B01EF639198910E000B412C6 /* arrow_white_right@2x.png */ = {isa = PBXFileReference; lastKnownFileType = image.png; path = "arrow_white_right@2x.png"; sourceTree = "<group>"; };
		B04B2C821976774A008D0528 /* SwipeEmitter.sks */ = {isa = PBXFileReference; lastKnownFileType = file.sks; path = SwipeEmitter.sks; sourceTree = "<group>"; };
		B04B2C831976774A008D0528 /* spark.png */ = {isa = PBXFileReference; lastKnownFileType = image.png; path = spark.png; sourceTree = "<group>"; };
		B04B2C861976B091008D0528 /* ParallaxBG.h */ = {isa = PBXFileReference; fileEncoding = 4; lastKnownFileType = sourcecode.c.h; path = ParallaxBG.h; sourceTree = "<group>"; };
		B04B2C871976B091008D0528 /* ParallaxBG.m */ = {isa = PBXFileReference; fileEncoding = 4; lastKnownFileType = sourcecode.c.objc; path = ParallaxBG.m; sourceTree = "<group>"; };
		B0649EAD19894C0F00287639 /* route10@2x.png */ = {isa = PBXFileReference; lastKnownFileType = image.png; path = "route10@2x.png"; sourceTree = "<group>"; };
		B0649EB0198A762000287639 /* CCHexagonFlowLayout.h */ = {isa = PBXFileReference; fileEncoding = 4; lastKnownFileType = sourcecode.c.h; path = CCHexagonFlowLayout.h; sourceTree = "<group>"; };
		B0649EB1198A762000287639 /* CCHexagonFlowLayout.m */ = {isa = PBXFileReference; fileEncoding = 4; lastKnownFileType = sourcecode.c.objc; path = CCHexagonFlowLayout.m; sourceTree = "<group>"; };
		B0649EB4198A812800287639 /* RoutePackage2.plist */ = {isa = PBXFileReference; fileEncoding = 4; lastKnownFileType = text.plist.xml; path = RoutePackage2.plist; sourceTree = "<group>"; };
		B0649EC9198A9A5700287639 /* scrollalot_combo_central@2x.png */ = {isa = PBXFileReference; lastKnownFileType = image.png; path = "scrollalot_combo_central@2x.png"; sourceTree = "<group>"; };
		B0649ECA198A9A5700287639 /* scrollalot_combo_dance@2x.png */ = {isa = PBXFileReference; lastKnownFileType = image.png; path = "scrollalot_combo_dance@2x.png"; sourceTree = "<group>"; };
		B0649ECB198A9A5700287639 /* scrollalot_combo_jumpy@2x.png */ = {isa = PBXFileReference; lastKnownFileType = image.png; path = "scrollalot_combo_jumpy@2x.png"; sourceTree = "<group>"; };
		B0649ECC198A9A5700287639 /* scrollalot_combo_manydown@2x.png */ = {isa = PBXFileReference; lastKnownFileType = image.png; path = "scrollalot_combo_manydown@2x.png"; sourceTree = "<group>"; };
		B0649ECD198A9A5700287639 /* scrollalot_combo_manyleft@2x.png */ = {isa = PBXFileReference; lastKnownFileType = image.png; path = "scrollalot_combo_manyleft@2x.png"; sourceTree = "<group>"; };
		B0649ECE198A9A5700287639 /* scrollalot_combo_manyright@2x.png */ = {isa = PBXFileReference; lastKnownFileType = image.png; path = "scrollalot_combo_manyright@2x.png"; sourceTree = "<group>"; };
		B0649ECF198A9A5700287639 /* scrollalot_combo_manyup@2x.png */ = {isa = PBXFileReference; lastKnownFileType = image.png; path = "scrollalot_combo_manyup@2x.png"; sourceTree = "<group>"; };
		B0649ED0198A9A5700287639 /* scrollalot_combo_rush@2x.png */ = {isa = PBXFileReference; lastKnownFileType = image.png; path = "scrollalot_combo_rush@2x.png"; sourceTree = "<group>"; };
		B0649ED1198A9A5700287639 /* scrollalot_combo_shaky@2x.png */ = {isa = PBXFileReference; lastKnownFileType = image.png; path = "scrollalot_combo_shaky@2x.png"; sourceTree = "<group>"; };
		B0649ED2198A9A5700287639 /* scrollalot_combo_tornado@2x.png */ = {isa = PBXFileReference; lastKnownFileType = image.png; path = "scrollalot_combo_tornado@2x.png"; sourceTree = "<group>"; };
		B0649ED3198A9A5700287639 /* scrollalot_combo_twister@2x.png */ = {isa = PBXFileReference; lastKnownFileType = image.png; path = "scrollalot_combo_twister@2x.png"; sourceTree = "<group>"; };
		B0649ED4198A9A5700287639 /* scrollalot_combo_whirlpool@2x.png */ = {isa = PBXFileReference; lastKnownFileType = image.png; path = "scrollalot_combo_whirlpool@2x.png"; sourceTree = "<group>"; };
		B0649EE3198B9DFD00287639 /* Default@2x.png */ = {isa = PBXFileReference; lastKnownFileType = image.png; path = "Default@2x.png"; sourceTree = "<group>"; };
		B0649EE7198BEC8F00287639 /* Default-568h@2x.png */ = {isa = PBXFileReference; lastKnownFileType = image.png; path = "Default-568h@2x.png"; sourceTree = "<group>"; };
		B0649EE9198BEFD100287639 /* tutorial_arrow@2x.png */ = {isa = PBXFileReference; lastKnownFileType = image.png; path = "tutorial_arrow@2x.png"; sourceTree = "<group>"; };
		B0649EEC198BF2AD00287639 /* tutorial_arrow_up@2x.png */ = {isa = PBXFileReference; lastKnownFileType = image.png; path = "tutorial_arrow_up@2x.png"; sourceTree = "<group>"; };
		B0649EEE198BF31700287639 /* tutorial_arrow_down@2x.png */ = {isa = PBXFileReference; lastKnownFileType = image.png; path = "tutorial_arrow_down@2x.png"; sourceTree = "<group>"; };
		B0649EEF198BF31700287639 /* tutorial_arrow_left@2x.png */ = {isa = PBXFileReference; lastKnownFileType = image.png; path = "tutorial_arrow_left@2x.png"; sourceTree = "<group>"; };
		B0649EF0198BF31700287639 /* tutorial_arrow_right@2x.png */ = {isa = PBXFileReference; lastKnownFileType = image.png; path = "tutorial_arrow_right@2x.png"; sourceTree = "<group>"; };
		B09B8008196F027000800BD4 /* scrollalot.app */ = {isa = PBXFileReference; explicitFileType = wrapper.application; includeInIndex = 0; path = scrollalot.app; sourceTree = BUILT_PRODUCTS_DIR; };
		B09B800B196F027000800BD4 /* Foundation.framework */ = {isa = PBXFileReference; lastKnownFileType = wrapper.framework; name = Foundation.framework; path = System/Library/Frameworks/Foundation.framework; sourceTree = SDKROOT; };
		B09B800D196F027000800BD4 /* CoreGraphics.framework */ = {isa = PBXFileReference; lastKnownFileType = wrapper.framework; name = CoreGraphics.framework; path = System/Library/Frameworks/CoreGraphics.framework; sourceTree = SDKROOT; };
		B09B800F196F027000800BD4 /* UIKit.framework */ = {isa = PBXFileReference; lastKnownFileType = wrapper.framework; name = UIKit.framework; path = System/Library/Frameworks/UIKit.framework; sourceTree = SDKROOT; };
		B09B8011196F027000800BD4 /* SpriteKit.framework */ = {isa = PBXFileReference; lastKnownFileType = wrapper.framework; name = SpriteKit.framework; path = System/Library/Frameworks/SpriteKit.framework; sourceTree = SDKROOT; };
		B09B8015196F027000800BD4 /* scrollalot-Info.plist */ = {isa = PBXFileReference; lastKnownFileType = text.plist.xml; path = "scrollalot-Info.plist"; sourceTree = "<group>"; };
		B09B8017196F027000800BD4 /* en */ = {isa = PBXFileReference; lastKnownFileType = text.plist.strings; name = en; path = en.lproj/InfoPlist.strings; sourceTree = "<group>"; };
		B09B8019196F027000800BD4 /* main.m */ = {isa = PBXFileReference; lastKnownFileType = sourcecode.c.objc; path = main.m; sourceTree = "<group>"; };
		B09B801B196F027000800BD4 /* scrollalot-Prefix.pch */ = {isa = PBXFileReference; lastKnownFileType = sourcecode.c.h; path = "scrollalot-Prefix.pch"; sourceTree = "<group>"; };
		B09B801C196F027000800BD4 /* AppDelegate.h */ = {isa = PBXFileReference; lastKnownFileType = sourcecode.c.h; path = AppDelegate.h; sourceTree = "<group>"; };
		B09B801D196F027000800BD4 /* AppDelegate.m */ = {isa = PBXFileReference; lastKnownFileType = sourcecode.c.objc; path = AppDelegate.m; sourceTree = "<group>"; };
		B09B8020196F027000800BD4 /* Base */ = {isa = PBXFileReference; lastKnownFileType = file.storyboard; name = Base; path = Base.lproj/Main.storyboard; sourceTree = "<group>"; };
		B09B8022196F027000800BD4 /* ScrollViewController.h */ = {isa = PBXFileReference; lastKnownFileType = sourcecode.c.h; path = ScrollViewController.h; sourceTree = "<group>"; };
		B09B8023196F027000800BD4 /* ScrollViewController.m */ = {isa = PBXFileReference; lastKnownFileType = sourcecode.c.objc; path = ScrollViewController.m; sourceTree = "<group>"; };
		B09B8025196F027000800BD4 /* ScrollScene.h */ = {isa = PBXFileReference; lastKnownFileType = sourcecode.c.h; path = ScrollScene.h; sourceTree = "<group>"; };
		B09B8026196F027000800BD4 /* ScrollScene.m */ = {isa = PBXFileReference; lastKnownFileType = sourcecode.c.objc; path = ScrollScene.m; sourceTree = "<group>"; };
		B09B802A196F027000800BD4 /* Images.xcassets */ = {isa = PBXFileReference; lastKnownFileType = folder.assetcatalog; path = Images.xcassets; sourceTree = "<group>"; };
		B09B8030196F027000800BD4 /* scrollalotTests.xctest */ = {isa = PBXFileReference; explicitFileType = wrapper.cfbundle; includeInIndex = 0; path = scrollalotTests.xctest; sourceTree = BUILT_PRODUCTS_DIR; };
		B09B8031196F027000800BD4 /* XCTest.framework */ = {isa = PBXFileReference; lastKnownFileType = wrapper.framework; name = XCTest.framework; path = Library/Frameworks/XCTest.framework; sourceTree = DEVELOPER_DIR; };
		B09B8039196F027000800BD4 /* scrollalotTests-Info.plist */ = {isa = PBXFileReference; lastKnownFileType = text.plist.xml; path = "scrollalotTests-Info.plist"; sourceTree = "<group>"; };
		B09B803B196F027000800BD4 /* en */ = {isa = PBXFileReference; lastKnownFileType = text.plist.strings; name = en; path = en.lproj/InfoPlist.strings; sourceTree = "<group>"; };
		B09B803D196F027000800BD4 /* scrollalotTests.m */ = {isa = PBXFileReference; lastKnownFileType = sourcecode.c.objc; path = scrollalotTests.m; sourceTree = "<group>"; };
		B09B8048196F02AE00800BD4 /* SceneObject.h */ = {isa = PBXFileReference; fileEncoding = 4; lastKnownFileType = sourcecode.c.h; path = SceneObject.h; sourceTree = "<group>"; };
		B09B8049196F02AE00800BD4 /* SceneObject.m */ = {isa = PBXFileReference; fileEncoding = 4; lastKnownFileType = sourcecode.c.objc; path = SceneObject.m; sourceTree = "<group>"; };
		B09B804C196F030500800BD4 /* Constants.h */ = {isa = PBXFileReference; fileEncoding = 4; lastKnownFileType = sourcecode.c.h; path = Constants.h; sourceTree = "<group>"; };
		B09B8051196F043A00800BD4 /* MarkerObject.h */ = {isa = PBXFileReference; fileEncoding = 4; lastKnownFileType = sourcecode.c.h; path = MarkerObject.h; sourceTree = "<group>"; };
		B09B8052196F043A00800BD4 /* MarkerObject.m */ = {isa = PBXFileReference; fileEncoding = 4; lastKnownFileType = sourcecode.c.objc; path = MarkerObject.m; sourceTree = "<group>"; };
		B09B8054197A958100800BD4 /* ComboPackage1.plist */ = {isa = PBXFileReference; fileEncoding = 4; lastKnownFileType = text.plist.xml; path = ComboPackage1.plist; sourceTree = "<group>"; };
		B0A0C58F197ED2EB000528DA /* RoutePackage1.plist */ = {isa = PBXFileReference; fileEncoding = 4; lastKnownFileType = text.plist.xml; path = RoutePackage1.plist; sourceTree = "<group>"; };
		B0A0C591197ED376000528DA /* RouteEntity.h */ = {isa = PBXFileReference; fileEncoding = 4; lastKnownFileType = sourcecode.c.h; path = RouteEntity.h; sourceTree = "<group>"; };
		B0A0C592197ED376000528DA /* RouteEntity.m */ = {isa = PBXFileReference; fileEncoding = 4; lastKnownFileType = sourcecode.c.objc; path = RouteEntity.m; sourceTree = "<group>"; };
		B0A0C594197ED387000528DA /* RouteEntityHelper.h */ = {isa = PBXFileReference; fileEncoding = 4; lastKnownFileType = sourcecode.c.h; path = RouteEntityHelper.h; sourceTree = "<group>"; };
		B0A0C595197ED387000528DA /* RouteEntityHelper.m */ = {isa = PBXFileReference; fileEncoding = 4; lastKnownFileType = sourcecode.c.objc; path = RouteEntityHelper.m; sourceTree = "<group>"; };
		B0A0C597197EDF5A000528DA /* RouteManagerDelegate.h */ = {isa = PBXFileReference; lastKnownFileType = sourcecode.c.h; path = RouteManagerDelegate.h; sourceTree = "<group>"; };
		B0A0C598198CD93C000528DA /* ikon120.png */ = {isa = PBXFileReference; lastKnownFileType = image.png; path = ikon120.png; sourceTree = "<group>"; };
		B0A0C59A198CEED7000528DA /* ok_button_on@2x.png */ = {isa = PBXFileReference; lastKnownFileType = image.png; path = "ok_button_on@2x.png"; sourceTree = "<group>"; };
		B0A0C59B198CEED7000528DA /* ok_button@2x.png */ = {isa = PBXFileReference; lastKnownFileType = image.png; path = "ok_button@2x.png"; sourceTree = "<group>"; };
		B0A0C59F198CF53D000528DA /* route5@2x.png */ = {isa = PBXFileReference; lastKnownFileType = image.png; path = "route5@2x.png"; sourceTree = "<group>"; };
		B0A0C5A0198CF53D000528DA /* route7@2x.png */ = {isa = PBXFileReference; lastKnownFileType = image.png; path = "route7@2x.png"; sourceTree = "<group>"; };
		B0A0C5A1198CF53D000528DA /* route12@2x.png */ = {isa = PBXFileReference; lastKnownFileType = image.png; path = "route12@2x.png"; sourceTree = "<group>"; };
		B0A0C5A2198CF53D000528DA /* route20@2x.png */ = {isa = PBXFileReference; lastKnownFileType = image.png; path = "route20@2x.png"; sourceTree = "<group>"; };
		B0A0C5A7198CF58C000528DA /* RoutePackage3.plist */ = {isa = PBXFileReference; fileEncoding = 4; lastKnownFileType = text.plist.xml; path = RoutePackage3.plist; sourceTree = "<group>"; };
		B0ECE165196FEB5D00A6F3C5 /* ScrollSceneHandlerDelegate.h */ = {isa = PBXFileReference; lastKnownFileType = sourcecode.c.h; path = ScrollSceneHandlerDelegate.h; sourceTree = "<group>"; };
		B0ECE166196FEC5500A6F3C5 /* square.png */ = {isa = PBXFileReference; lastKnownFileType = image.png; path = square.png; sourceTree = "<group>"; };
		B0ECE1691970133D00A6F3C5 /* DBAccessLayer.h */ = {isa = PBXFileReference; fileEncoding = 4; lastKnownFileType = sourcecode.c.h; path = DBAccessLayer.h; sourceTree = "<group>"; };
		B0ECE16A1970133D00A6F3C5 /* DBAccessLayer.m */ = {isa = PBXFileReference; fileEncoding = 4; lastKnownFileType = sourcecode.c.objc; path = DBAccessLayer.m; sourceTree = "<group>"; };
		B0ECE16D1970135200A6F3C5 /* ScrollalotDataModel.xcdatamodel */ = {isa = PBXFileReference; lastKnownFileType = wrapper.xcdatamodel; path = ScrollalotDataModel.xcdatamodel; sourceTree = "<group>"; };
		B0ECE172197013AB00A6F3C5 /* GlobalAppProperties.h */ = {isa = PBXFileReference; fileEncoding = 4; lastKnownFileType = sourcecode.c.h; path = GlobalAppProperties.h; sourceTree = "<group>"; };
		B0ECE173197013AB00A6F3C5 /* GlobalAppProperties.m */ = {isa = PBXFileReference; fileEncoding = 4; lastKnownFileType = sourcecode.c.objc; path = GlobalAppProperties.m; sourceTree = "<group>"; };
		B0ECE17519702FBB00A6F3C5 /* achievements.plist */ = {isa = PBXFileReference; fileEncoding = 4; lastKnownFileType = text.plist.xml; path = achievements.plist; sourceTree = "<group>"; };
		B0ECE17819703D9700A6F3C5 /* NetworkManager.h */ = {isa = PBXFileReference; fileEncoding = 4; lastKnownFileType = sourcecode.c.h; path = NetworkManager.h; sourceTree = "<group>"; };
		B0ECE17919703D9700A6F3C5 /* NetworkManager.m */ = {isa = PBXFileReference; fileEncoding = 4; lastKnownFileType = sourcecode.c.objc; path = NetworkManager.m; sourceTree = "<group>"; };
		B0ECE17A19703D9700A6F3C5 /* RequestHelper.h */ = {isa = PBXFileReference; fileEncoding = 4; lastKnownFileType = sourcecode.c.h; path = RequestHelper.h; sourceTree = "<group>"; };
		B0ECE17B19703D9700A6F3C5 /* RequestHelper.m */ = {isa = PBXFileReference; fileEncoding = 4; lastKnownFileType = sourcecode.c.objc; path = RequestHelper.m; sourceTree = "<group>"; };
		B0ECE17C19703D9700A6F3C5 /* ResponseHelper.h */ = {isa = PBXFileReference; fileEncoding = 4; lastKnownFileType = sourcecode.c.h; path = ResponseHelper.h; sourceTree = "<group>"; };
		B0ECE17D19703D9700A6F3C5 /* ResponseHelper.m */ = {isa = PBXFileReference; fileEncoding = 4; lastKnownFileType = sourcecode.c.objc; path = ResponseHelper.m; sourceTree = "<group>"; };
/* End PBXFileReference section */

/* Begin PBXFrameworksBuildPhase section */
		B09B8005196F027000800BD4 /* Frameworks */ = {
			isa = PBXFrameworksBuildPhase;
			buildActionMask = 2147483647;
			files = (
				B01E425D197938C70008CF41 /* GameKit.framework in Frameworks */,
				B09B800E196F027000800BD4 /* CoreGraphics.framework in Frameworks */,
				B09B8010196F027000800BD4 /* UIKit.framework in Frameworks */,
				B09B8012196F027000800BD4 /* SpriteKit.framework in Frameworks */,
				B09B800C196F027000800BD4 /* Foundation.framework in Frameworks */,
			);
			runOnlyForDeploymentPostprocessing = 0;
		};
		B09B802D196F027000800BD4 /* Frameworks */ = {
			isa = PBXFrameworksBuildPhase;
			buildActionMask = 2147483647;
			files = (
				B09B8032196F027000800BD4 /* XCTest.framework in Frameworks */,
				B09B8034196F027000800BD4 /* UIKit.framework in Frameworks */,
				B09B8033196F027000800BD4 /* Foundation.framework in Frameworks */,
			);
			runOnlyForDeploymentPostprocessing = 0;
		};
/* End PBXFrameworksBuildPhase section */

/* Begin PBXGroup section */
		B01E425E197962570008CF41 /* GCManagement */ = {
			isa = PBXGroup;
			children = (
				B01E425F197962650008CF41 /* GCManager.h */,
				B01E4260197962650008CF41 /* GCManager.m */,
				B01E4263197962EE0008CF41 /* GCAuthResult.h */,
				B01E4264197962EE0008CF41 /* GCAuthResult.m */,
			);
			name = GCManagement;
			sourceTree = "<group>";
		};
		B01E426619798A2B0008CF41 /* ComboManagement */ = {
			isa = PBXGroup;
			children = (
				B01E426719798A410008CF41 /* ComboManager.h */,
				B01E426819798A410008CF41 /* ComboManager.m */,
			);
			name = ComboManagement;
			sourceTree = "<group>";
		};
		B01E4271197EBFA20008CF41 /* RouteManagement */ = {
			isa = PBXGroup;
			children = (
				B01E4272197EBFC20008CF41 /* RouteManager.h */,
				B01E4273197EBFC20008CF41 /* RouteManager.m */,
			);
			name = RouteManagement;
			sourceTree = "<group>";
		};
		B01EF5D8198653F900B412C6 /* CustomControls */ = {
			isa = PBXGroup;
			children = (
				B0649EAF198A761200287639 /* HeyagonLayout */,
				B01EF5D91986540F00B412C6 /* AchievementCell.h */,
				B01EF5DA1986540F00B412C6 /* AchievementCell.m */,
				B01EF5DB1986540F00B412C6 /* AchievementCell.xib */,
				B01EF5DE19866C9200B412C6 /* AchievementHeader.h */,
				B01EF5DF19866C9200B412C6 /* AchievementHeader.m */,
				B01EF5E8198678EC00B412C6 /* AchievementHeader.xib */,
				B01EF6061987825600B412C6 /* ComboCell.h */,
				B01EF6071987825600B412C6 /* ComboCell.m */,
				B01EF6091987826500B412C6 /* ComboCell.xib */,
			);
			name = CustomControls;
			sourceTree = "<group>";
		};
		B01EF5EA1986809500B412C6 /* Badges */ = {
			isa = PBXGroup;
			children = (
				B0A0C59F198CF53D000528DA /* route5@2x.png */,
				B0A0C5A0198CF53D000528DA /* route7@2x.png */,
				B0A0C5A1198CF53D000528DA /* route12@2x.png */,
				B0A0C5A2198CF53D000528DA /* route20@2x.png */,
				B0649EC9198A9A5700287639 /* scrollalot_combo_central@2x.png */,
				B0649ECA198A9A5700287639 /* scrollalot_combo_dance@2x.png */,
				B0649ECB198A9A5700287639 /* scrollalot_combo_jumpy@2x.png */,
				B0649ECC198A9A5700287639 /* scrollalot_combo_manydown@2x.png */,
				B0649ECD198A9A5700287639 /* scrollalot_combo_manyleft@2x.png */,
				B0649ECE198A9A5700287639 /* scrollalot_combo_manyright@2x.png */,
				B0649ECF198A9A5700287639 /* scrollalot_combo_manyup@2x.png */,
				B0649ED0198A9A5700287639 /* scrollalot_combo_rush@2x.png */,
				B0649ED1198A9A5700287639 /* scrollalot_combo_shaky@2x.png */,
				B0649ED2198A9A5700287639 /* scrollalot_combo_tornado@2x.png */,
				B0649ED3198A9A5700287639 /* scrollalot_combo_twister@2x.png */,
				B0649ED4198A9A5700287639 /* scrollalot_combo_whirlpool@2x.png */,
				B0649EAD19894C0F00287639 /* route10@2x.png */,
			);
			name = Badges;
			sourceTree = "<group>";
		};
		B0649EAF198A761200287639 /* HeyagonLayout */ = {
			isa = PBXGroup;
			children = (
				B0649EB0198A762000287639 /* CCHexagonFlowLayout.h */,
				B0649EB1198A762000287639 /* CCHexagonFlowLayout.m */,
			);
			name = HeyagonLayout;
			sourceTree = "<group>";
		};
		B0649EB3198A810C00287639 /* AchievementPackages */ = {
			isa = PBXGroup;
			children = (
				B0ECE17519702FBB00A6F3C5 /* achievements.plist */,
				B09B8054197A958100800BD4 /* ComboPackage1.plist */,
				B0A0C58F197ED2EB000528DA /* RoutePackage1.plist */,
				B0649EB4198A812800287639 /* RoutePackage2.plist */,
				B0A0C5A7198CF58C000528DA /* RoutePackage3.plist */,
			);
			name = AchievementPackages;
			sourceTree = "<group>";
		};
		B0649EEB198BF2A400287639 /* Tutorial */ = {
			isa = PBXGroup;
			children = (
				B0649EEE198BF31700287639 /* tutorial_arrow_down@2x.png */,
				B0649EEF198BF31700287639 /* tutorial_arrow_left@2x.png */,
				B0649EF0198BF31700287639 /* tutorial_arrow_right@2x.png */,
				B0649EEC198BF2AD00287639 /* tutorial_arrow_up@2x.png */,
			);
			name = Tutorial;
			sourceTree = "<group>";
		};
		B09B7FFF196F027000800BD4 = {
			isa = PBXGroup;
			children = (
				B01EF5D8198653F900B412C6 /* CustomControls */,
				B09B8013196F027000800BD4 /* scrollalot */,
				B09B8037196F027000800BD4 /* scrollalotTests */,
				B09B800A196F027000800BD4 /* Frameworks */,
				B09B8009196F027000800BD4 /* Products */,
			);
			sourceTree = "<group>";
		};
		B09B8009196F027000800BD4 /* Products */ = {
			isa = PBXGroup;
			children = (
				B09B8008196F027000800BD4 /* scrollalot.app */,
				B09B8030196F027000800BD4 /* scrollalotTests.xctest */,
			);
			name = Products;
			sourceTree = "<group>";
		};
		B09B800A196F027000800BD4 /* Frameworks */ = {
			isa = PBXGroup;
			children = (
				B01E425C197938C70008CF41 /* GameKit.framework */,
				B09B800B196F027000800BD4 /* Foundation.framework */,
				B09B800D196F027000800BD4 /* CoreGraphics.framework */,
				B09B800F196F027000800BD4 /* UIKit.framework */,
				B09B8011196F027000800BD4 /* SpriteKit.framework */,
				B09B8031196F027000800BD4 /* XCTest.framework */,
			);
			name = Frameworks;
			sourceTree = "<group>";
		};
		B09B8013196F027000800BD4 /* scrollalot */ = {
			isa = PBXGroup;
			children = (
				B01E4271197EBFA20008CF41 /* RouteManagement */,
				B01E426619798A2B0008CF41 /* ComboManagement */,
				B01E425E197962570008CF41 /* GCManagement */,
				B0ECE17719703D8700A6F3C5 /* NetworkManagement */,
				B0ECE1711970138D00A6F3C5 /* Helpers */,
				B0ECE1681970132500A6F3C5 /* DBAccessLayer */,
				B0ECE164196FEB4B00A6F3C5 /* Protocols */,
				B09B8050196F038000800BD4 /* ViewControllers */,
				B09B804F196F033500800BD4 /* Scenes */,
				B09B804B196F02F400800BD4 /* Resources */,
				B09B8047196F029200800BD4 /* SceneObjects */,
				B09B801C196F027000800BD4 /* AppDelegate.h */,
				B09B801D196F027000800BD4 /* AppDelegate.m */,
				B09B801F196F027000800BD4 /* Main.storyboard */,
				B09B802A196F027000800BD4 /* Images.xcassets */,
				B09B8014196F027000800BD4 /* Supporting Files */,
			);
			path = scrollalot;
			sourceTree = "<group>";
		};
		B09B8014196F027000800BD4 /* Supporting Files */ = {
			isa = PBXGroup;
			children = (
				B09B8015196F027000800BD4 /* scrollalot-Info.plist */,
				B09B8016196F027000800BD4 /* InfoPlist.strings */,
				B09B8019196F027000800BD4 /* main.m */,
				B09B801B196F027000800BD4 /* scrollalot-Prefix.pch */,
			);
			name = "Supporting Files";
			sourceTree = "<group>";
		};
		B09B8037196F027000800BD4 /* scrollalotTests */ = {
			isa = PBXGroup;
			children = (
				B09B803D196F027000800BD4 /* scrollalotTests.m */,
				B09B8038196F027000800BD4 /* Supporting Files */,
			);
			path = scrollalotTests;
			sourceTree = "<group>";
		};
		B09B8038196F027000800BD4 /* Supporting Files */ = {
			isa = PBXGroup;
			children = (
				B09B8039196F027000800BD4 /* scrollalotTests-Info.plist */,
				B09B803A196F027000800BD4 /* InfoPlist.strings */,
			);
			name = "Supporting Files";
			sourceTree = "<group>";
		};
		B09B8047196F029200800BD4 /* SceneObjects */ = {
			isa = PBXGroup;
			children = (
				B04B2C861976B091008D0528 /* ParallaxBG.h */,
				B04B2C871976B091008D0528 /* ParallaxBG.m */,
				B09B8048196F02AE00800BD4 /* SceneObject.h */,
				B09B8049196F02AE00800BD4 /* SceneObject.m */,
				B09B8051196F043A00800BD4 /* MarkerObject.h */,
				B09B8052196F043A00800BD4 /* MarkerObject.m */,
				B01EF5C61983EEB400B412C6 /* Meteor.h */,
				B01EF5C71983EEB400B412C6 /* Meteor.m */,
			);
			name = SceneObjects;
			sourceTree = "<group>";
		};
		B09B804B196F02F400800BD4 /* Resources */ = {
			isa = PBXGroup;
			children = (
				B0A0C59E198CF37D000528DA /* Fonts */,
				B0A0C59A198CEED7000528DA /* ok_button_on@2x.png */,
				B0A0C59B198CEED7000528DA /* ok_button@2x.png */,
				B0A0C598198CD93C000528DA /* ikon120.png */,
				B0649EEB198BF2A400287639 /* Tutorial */,
				B0649EE9198BEFD100287639 /* tutorial_arrow@2x.png */,
				B0649EE7198BEC8F00287639 /* Default-568h@2x.png */,
				B0649EE3198B9DFD00287639 /* Default@2x.png */,
				B0649EB3198A810C00287639 /* AchievementPackages */,
				B01EF638198910E000B412C6 /* arrow_white_left@2x.png */,
				B01EF639198910E000B412C6 /* arrow_white_right@2x.png */,
				B01EF62D1988F2F100B412C6 /* combo_scr_4@2x.png */,
				B01EF62E1988F2F100B412C6 /* routes_scr_4@2x.png */,
				B01EF6251988EAAD00B412C6 /* combo_scr_5@2x.png */,
				B01EF6261988EAAD00B412C6 /* routes_scr_5@2x.png */,
				B01EF621198807E500B412C6 /* mongi_kicsi1@2x.png */,
				B01EF622198807E500B412C6 /* mongi_kicsi2@2x.png */,
				B01EF61B1987FE0600B412C6 /* mongi_nagy1@2x.png */,
				B01EF61C1987FE0600B412C6 /* mongi_nagy2@2x.png */,
				B01EF6171987E17F00B412C6 /* scrollalot_title@2x.png */,
				B01EF6131987CE3F00B412C6 /* intro_also@2x.png */,
				B01EF6141987CE3F00B412C6 /* intro_felso@2x.png */,
				B01EF60F1987CB1F00B412C6 /* screen_also@2x.png */,
				B01EF6101987CB1F00B412C6 /* screen_felso@2x.png */,
				B01EF60B19878D8700B412C6 /* iranytu_alap200@2x.png */,
				B01EF60C19878D8700B412C6 /* iranytu200@2x.png */,
				B01EF5F61986A40900B412C6 /* iarnytu_alap120@2x.png */,
				B01EF5F71986A40900B412C6 /* iranytu120@2x.png */,
				B01EF5F119869B4100B412C6 /* scrollalot_header@2x.png */,
				B01EF5EA1986809500B412C6 /* Badges */,
				B01EF5C91983F88500B412C6 /* iranytu_alap@2x.png */,
				B01EF5CA1983F88500B412C6 /* iranytu@2x.png */,
				B01EF5C01983CE6200B412C6 /* line_white.png */,
				B01E4275197FD5DD0008CF41 /* arrow_down@2x.png */,
				B01E4276197FD5DD0008CF41 /* arrow_left@2x.png */,
				B01E4277197FD5DD0008CF41 /* arrow_right@2x.png */,
				B01E4278197FD5DD0008CF41 /* arrow_up@2x.png */,
				B0ECE166196FEC5500A6F3C5 /* square.png */,
				B09B804C196F030500800BD4 /* Constants.h */,
				B04B2C821976774A008D0528 /* SwipeEmitter.sks */,
				B04B2C831976774A008D0528 /* spark.png */,
				B01E427F198165B30008CF41 /* RewardEffect.sks */,
				B01E4283198257F20008CF41 /* RouteEffect.sks */,
				B01EF5C21983D45B00B412C6 /* BgEffect.sks */,
			);
			name = Resources;
			sourceTree = "<group>";
		};
		B09B804F196F033500800BD4 /* Scenes */ = {
			isa = PBXGroup;
			children = (
				B09B8025196F027000800BD4 /* ScrollScene.h */,
				B09B8026196F027000800BD4 /* ScrollScene.m */,
			);
			name = Scenes;
			sourceTree = "<group>";
		};
		B09B8050196F038000800BD4 /* ViewControllers */ = {
			isa = PBXGroup;
			children = (
				B09B8022196F027000800BD4 /* ScrollViewController.h */,
				B09B8023196F027000800BD4 /* ScrollViewController.m */,
				B01EF5E31986736200B412C6 /* AchievementsViewController.h */,
				B01EF5E41986736200B412C6 /* AchievementsViewController.m */,
				B01EF5E51986736200B412C6 /* AchievementsViewController.xib */,
			);
			name = ViewControllers;
			sourceTree = "<group>";
		};
		B0A0C59E198CF37D000528DA /* Fonts */ = {
			isa = PBXGroup;
			children = (
				B01EF6321989070000B412C6 /* Pacifico.ttf */,
				B01EF5FA1986A8EE00B412C6 /* Tekton Pro Bold.ttf */,
			);
			name = Fonts;
			sourceTree = "<group>";
		};
		B0ECE164196FEB4B00A6F3C5 /* Protocols */ = {
			isa = PBXGroup;
			children = (
				B0ECE165196FEB5D00A6F3C5 /* ScrollSceneHandlerDelegate.h */,
				B01E4262197962C40008CF41 /* GCManagerDelegate.h */,
				B01E426A19798D4E0008CF41 /* ComboManagerDelegate.h */,
				B0A0C597197EDF5A000528DA /* RouteManagerDelegate.h */,
			);
			name = Protocols;
			sourceTree = "<group>";
		};
		B0ECE1681970132500A6F3C5 /* DBAccessLayer */ = {
			isa = PBXGroup;
			children = (
				B0ECE1701970136B00A6F3C5 /* EntityHelpers */,
				B0ECE16F1970135D00A6F3C5 /* CDEntities */,
				B0ECE1691970133D00A6F3C5 /* DBAccessLayer.h */,
				B0ECE16A1970133D00A6F3C5 /* DBAccessLayer.m */,
				B0ECE16C1970135200A6F3C5 /* ScrollalotDataModel.xcdatamodeld */,
			);
			name = DBAccessLayer;
			sourceTree = "<group>";
		};
		B0ECE16F1970135D00A6F3C5 /* CDEntities */ = {
			isa = PBXGroup;
			children = (
				B01E426B197D334A0008CF41 /* ComboEntity.h */,
				B01E426C197D334A0008CF41 /* ComboEntity.m */,
				B0A0C591197ED376000528DA /* RouteEntity.h */,
				B0A0C592197ED376000528DA /* RouteEntity.m */,
			);
			name = CDEntities;
			sourceTree = "<group>";
		};
		B0ECE1701970136B00A6F3C5 /* EntityHelpers */ = {
			isa = PBXGroup;
			children = (
				B01E426E197D335F0008CF41 /* ComboEntityHelper.h */,
				B01E426F197D335F0008CF41 /* ComboEntityHelper.m */,
				B0A0C594197ED387000528DA /* RouteEntityHelper.h */,
				B0A0C595197ED387000528DA /* RouteEntityHelper.m */,
			);
			name = EntityHelpers;
			sourceTree = "<group>";
		};
		B0ECE1711970138D00A6F3C5 /* Helpers */ = {
			isa = PBXGroup;
			children = (
				B01E42891982AAEA0008CF41 /* CommonTools.h */,
				B01E428A1982AAEA0008CF41 /* CommonTools.m */,
				B0ECE172197013AB00A6F3C5 /* GlobalAppProperties.h */,
				B0ECE173197013AB00A6F3C5 /* GlobalAppProperties.m */,
			);
			name = Helpers;
			sourceTree = "<group>";
		};
		B0ECE17719703D8700A6F3C5 /* NetworkManagement */ = {
			isa = PBXGroup;
			children = (
				B0ECE17819703D9700A6F3C5 /* NetworkManager.h */,
				B0ECE17919703D9700A6F3C5 /* NetworkManager.m */,
				B0ECE17A19703D9700A6F3C5 /* RequestHelper.h */,
				B0ECE17B19703D9700A6F3C5 /* RequestHelper.m */,
				B0ECE17C19703D9700A6F3C5 /* ResponseHelper.h */,
				B0ECE17D19703D9700A6F3C5 /* ResponseHelper.m */,
			);
			name = NetworkManagement;
			sourceTree = "<group>";
		};
/* End PBXGroup section */

/* Begin PBXNativeTarget section */
		B09B8007196F027000800BD4 /* scrollalot */ = {
			isa = PBXNativeTarget;
			buildConfigurationList = B09B8041196F027000800BD4 /* Build configuration list for PBXNativeTarget "scrollalot" */;
			buildPhases = (
				B09B8004196F027000800BD4 /* Sources */,
				B09B8005196F027000800BD4 /* Frameworks */,
				B09B8006196F027000800BD4 /* Resources */,
			);
			buildRules = (
			);
			dependencies = (
			);
			name = scrollalot;
			productName = scrollalot;
			productReference = B09B8008196F027000800BD4 /* scrollalot.app */;
			productType = "com.apple.product-type.application";
		};
		B09B802F196F027000800BD4 /* scrollalotTests */ = {
			isa = PBXNativeTarget;
			buildConfigurationList = B09B8044196F027000800BD4 /* Build configuration list for PBXNativeTarget "scrollalotTests" */;
			buildPhases = (
				B09B802C196F027000800BD4 /* Sources */,
				B09B802D196F027000800BD4 /* Frameworks */,
				B09B802E196F027000800BD4 /* Resources */,
			);
			buildRules = (
			);
			dependencies = (
				B09B8036196F027000800BD4 /* PBXTargetDependency */,
			);
			name = scrollalotTests;
			productName = scrollalotTests;
			productReference = B09B8030196F027000800BD4 /* scrollalotTests.xctest */;
			productType = "com.apple.product-type.bundle.unit-test";
		};
/* End PBXNativeTarget section */

/* Begin PBXProject section */
		B09B8000196F027000800BD4 /* Project object */ = {
			isa = PBXProject;
			attributes = {
				LastUpgradeCheck = 0510;
				ORGANIZATIONNAME = ivanborsa;
				TargetAttributes = {
					B09B8007196F027000800BD4 = {
						DevelopmentTeam = Y262LAFNWV;
					};
					B09B802F196F027000800BD4 = {
						TestTargetID = B09B8007196F027000800BD4;
					};
				};
			};
			buildConfigurationList = B09B8003196F027000800BD4 /* Build configuration list for PBXProject "scrollalot" */;
			compatibilityVersion = "Xcode 3.2";
			developmentRegion = English;
			hasScannedForEncodings = 0;
			knownRegions = (
				en,
				Base,
			);
			mainGroup = B09B7FFF196F027000800BD4;
			productRefGroup = B09B8009196F027000800BD4 /* Products */;
			projectDirPath = "";
			projectRoot = "";
			targets = (
				B09B8007196F027000800BD4 /* scrollalot */,
				B09B802F196F027000800BD4 /* scrollalotTests */,
			);
		};
/* End PBXProject section */

/* Begin PBXResourcesBuildPhase section */
		B09B8006196F027000800BD4 /* Resources */ = {
			isa = PBXResourcesBuildPhase;
			buildActionMask = 2147483647;
			files = (
				B01EF6331989095400B412C6 /* Pacifico.ttf in Resources */,
				B01EF6151987CE3F00B412C6 /* intro_also@2x.png in Resources */,
				B0649ED9198A9A5700287639 /* scrollalot_combo_manyleft@2x.png in Resources */,
				B01EF6121987CB2000B412C6 /* screen_felso@2x.png in Resources */,
				B09B8055197A958100800BD4 /* ComboPackage1.plist in Resources */,
				B0649ED5198A9A5700287639 /* scrollalot_combo_central@2x.png in Resources */,
				B0A0C5A4198CF53D000528DA /* route7@2x.png in Resources */,
				B01EF5CC1983F88500B412C6 /* iranytu@2x.png in Resources */,
				B01EF63A198910E000B412C6 /* arrow_white_left@2x.png in Resources */,
				B0649ED7198A9A5700287639 /* scrollalot_combo_jumpy@2x.png in Resources */,
				B0A0C590197ED2EB000528DA /* RoutePackage1.plist in Resources */,
				B01EF61F1987FE0600B412C6 /* mongi_nagy1@2x.png in Resources */,
				B0649EE5198B9DFD00287639 /* Default@2x.png in Resources */,
				B0649EF2198BF31700287639 /* tutorial_arrow_left@2x.png in Resources */,
				B0ECE17619702FBB00A6F3C5 /* achievements.plist in Resources */,
				B01EF5DD1986540F00B412C6 /* AchievementCell.xib in Resources */,
				B01EF6181987E17F00B412C6 /* scrollalot_title@2x.png in Resources */,
				B01EF6201987FE0600B412C6 /* mongi_nagy2@2x.png in Resources */,
				B01EF624198807E500B412C6 /* mongi_kicsi2@2x.png in Resources */,
				B09B8018196F027000800BD4 /* InfoPlist.strings in Resources */,
				B0649EE8198BEC8F00287639 /* Default-568h@2x.png in Resources */,
				B0A0C5A3198CF53D000528DA /* route5@2x.png in Resources */,
				B0649EDF198A9A5700287639 /* scrollalot_combo_twister@2x.png in Resources */,
				B01EF6301988F2F100B412C6 /* routes_scr_4@2x.png in Resources */,
				B0A0C59D198CEED7000528DA /* ok_button@2x.png in Resources */,
				B01E4280198165B30008CF41 /* RewardEffect.sks in Resources */,
				B0649EF3198BF31700287639 /* tutorial_arrow_right@2x.png in Resources */,
				B01E427B197FD5DD0008CF41 /* arrow_right@2x.png in Resources */,
				B01EF60E19878D8700B412C6 /* iranytu200@2x.png in Resources */,
				B0A0C5A5198CF53D000528DA /* route12@2x.png in Resources */,
				B01EF5C31983D45B00B412C6 /* BgEffect.sks in Resources */,
				B09B802B196F027000800BD4 /* Images.xcassets in Resources */,
				B0649EE0198A9A5700287639 /* scrollalot_combo_whirlpool@2x.png in Resources */,
				B0649ED6198A9A5700287639 /* scrollalot_combo_dance@2x.png in Resources */,
				B01EF60D19878D8700B412C6 /* iranytu_alap200@2x.png in Resources */,
				B0649EDA198A9A5700287639 /* scrollalot_combo_manyright@2x.png in Resources */,
				B01EF5CB1983F88500B412C6 /* iranytu_alap@2x.png in Resources */,
				B04B2C851976774A008D0528 /* spark.png in Resources */,
				B0649EDB198A9A5700287639 /* scrollalot_combo_manyup@2x.png in Resources */,
				B0649ED8198A9A5700287639 /* scrollalot_combo_manydown@2x.png in Resources */,
				B01EF5E71986736200B412C6 /* AchievementsViewController.xib in Resources */,
				B0A0C59C198CEED7000528DA /* ok_button_on@2x.png in Resources */,
				B0649EDD198A9A5700287639 /* scrollalot_combo_shaky@2x.png in Resources */,
				B0649EDC198A9A5700287639 /* scrollalot_combo_rush@2x.png in Resources */,
				B0649EED198BF2AD00287639 /* tutorial_arrow_up@2x.png in Resources */,
				B0A0C599198CD93C000528DA /* ikon120.png in Resources */,
				B01EF5E9198678EC00B412C6 /* AchievementHeader.xib in Resources */,
				B01EF5FB1986A8EE00B412C6 /* Tekton Pro Bold.ttf in Resources */,
				B0649EAE19894C0F00287639 /* route10@2x.png in Resources */,
				B01E4284198257F20008CF41 /* RouteEffect.sks in Resources */,
				B01EF60A1987826500B412C6 /* ComboCell.xib in Resources */,
				B01EF6281988EAAD00B412C6 /* routes_scr_5@2x.png in Resources */,
				B01EF623198807E500B412C6 /* mongi_kicsi1@2x.png in Resources */,
				B01EF5F91986A40900B412C6 /* iranytu120@2x.png in Resources */,
				B01E4279197FD5DD0008CF41 /* arrow_down@2x.png in Resources */,
				B01EF63B198910E000B412C6 /* arrow_white_right@2x.png in Resources */,
				B04B2C841976774A008D0528 /* SwipeEmitter.sks in Resources */,
				B0A0C5A6198CF53D000528DA /* route20@2x.png in Resources */,
				B01E427C197FD5DD0008CF41 /* arrow_up@2x.png in Resources */,
				B01EF6161987CE3F00B412C6 /* intro_felso@2x.png in Resources */,
				B0649EEA198BEFD100287639 /* tutorial_arrow@2x.png in Resources */,
				B0ECE167196FEC5500A6F3C5 /* square.png in Resources */,
				B0649EF1198BF31700287639 /* tutorial_arrow_down@2x.png in Resources */,
				B01EF62F1988F2F100B412C6 /* combo_scr_4@2x.png in Resources */,
				B01EF6271988EAAD00B412C6 /* combo_scr_5@2x.png in Resources */,
				B0649EB5198A812800287639 /* RoutePackage2.plist in Resources */,
				B01EF5F81986A40900B412C6 /* iarnytu_alap120@2x.png in Resources */,
				B0A0C5A8198CF58C000528DA /* RoutePackage3.plist in Resources */,
				B01EF5C11983CE6200B412C6 /* line_white.png in Resources */,
				B01EF6111987CB1F00B412C6 /* screen_also@2x.png in Resources */,
				B09B8021196F027000800BD4 /* Main.storyboard in Resources */,
				B01EF5F319869B4100B412C6 /* scrollalot_header@2x.png in Resources */,
				B01E427A197FD5DD0008CF41 /* arrow_left@2x.png in Resources */,
				B0649EDE198A9A5700287639 /* scrollalot_combo_tornado@2x.png in Resources */,
			);
			runOnlyForDeploymentPostprocessing = 0;
		};
		B09B802E196F027000800BD4 /* Resources */ = {
			isa = PBXResourcesBuildPhase;
			buildActionMask = 2147483647;
			files = (
				B09B803C196F027000800BD4 /* InfoPlist.strings in Resources */,
			);
			runOnlyForDeploymentPostprocessing = 0;
		};
/* End PBXResourcesBuildPhase section */

/* Begin PBXSourcesBuildPhase section */
		B09B8004196F027000800BD4 /* Sources */ = {
			isa = PBXSourcesBuildPhase;
			buildActionMask = 2147483647;
			files = (
				B0ECE174197013AB00A6F3C5 /* GlobalAppProperties.m in Sources */,
				B01E428B1982AAEA0008CF41 /* CommonTools.m in Sources */,
				B01EF5E61986736200B412C6 /* AchievementsViewController.m in Sources */,
				B01E4261197962650008CF41 /* GCManager.m in Sources */,
				B01EF6081987825600B412C6 /* ComboCell.m in Sources */,
				B01E4265197962EE0008CF41 /* GCAuthResult.m in Sources */,
				B09B8027196F027000800BD4 /* ScrollScene.m in Sources */,
				B01E426919798A410008CF41 /* ComboManager.m in Sources */,
				B01EF5E019866C9200B412C6 /* AchievementHeader.m in Sources */,
				B09B804A196F02AE00800BD4 /* SceneObject.m in Sources */,
				B01E4274197EBFC20008CF41 /* RouteManager.m in Sources */,
				B01E426D197D334A0008CF41 /* ComboEntity.m in Sources */,
				B09B8053196F043A00800BD4 /* MarkerObject.m in Sources */,
				B0A0C596197ED387000528DA /* RouteEntityHelper.m in Sources */,
				B01EF5DC1986540F00B412C6 /* AchievementCell.m in Sources */,
				B04B2C881976B091008D0528 /* ParallaxBG.m in Sources */,
				B0ECE17F19703D9700A6F3C5 /* RequestHelper.m in Sources */,
				B09B8024196F027000800BD4 /* ScrollViewController.m in Sources */,
				B0ECE16E1970135200A6F3C5 /* ScrollalotDataModel.xcdatamodeld in Sources */,
				B0ECE16B1970133D00A6F3C5 /* DBAccessLayer.m in Sources */,
				B09B801E196F027000800BD4 /* AppDelegate.m in Sources */,
				B0ECE17E19703D9700A6F3C5 /* NetworkManager.m in Sources */,
				B0ECE18019703D9700A6F3C5 /* ResponseHelper.m in Sources */,
				B0A0C593197ED376000528DA /* RouteEntity.m in Sources */,
				B01E4270197D335F0008CF41 /* ComboEntityHelper.m in Sources */,
				B09B801A196F027000800BD4 /* main.m in Sources */,
				B0649EB2198A762000287639 /* CCHexagonFlowLayout.m in Sources */,
				B01EF5C81983EEB400B412C6 /* Meteor.m in Sources */,
			);
			runOnlyForDeploymentPostprocessing = 0;
		};
		B09B802C196F027000800BD4 /* Sources */ = {
			isa = PBXSourcesBuildPhase;
			buildActionMask = 2147483647;
			files = (
				B09B803E196F027000800BD4 /* scrollalotTests.m in Sources */,
			);
			runOnlyForDeploymentPostprocessing = 0;
		};
/* End PBXSourcesBuildPhase section */

/* Begin PBXTargetDependency section */
		B09B8036196F027000800BD4 /* PBXTargetDependency */ = {
			isa = PBXTargetDependency;
			target = B09B8007196F027000800BD4 /* scrollalot */;
			targetProxy = B09B8035196F027000800BD4 /* PBXContainerItemProxy */;
		};
/* End PBXTargetDependency section */

/* Begin PBXVariantGroup section */
		B09B8016196F027000800BD4 /* InfoPlist.strings */ = {
			isa = PBXVariantGroup;
			children = (
				B09B8017196F027000800BD4 /* en */,
			);
			name = InfoPlist.strings;
			sourceTree = "<group>";
		};
		B09B801F196F027000800BD4 /* Main.storyboard */ = {
			isa = PBXVariantGroup;
			children = (
				B09B8020196F027000800BD4 /* Base */,
			);
			name = Main.storyboard;
			sourceTree = "<group>";
		};
		B09B803A196F027000800BD4 /* InfoPlist.strings */ = {
			isa = PBXVariantGroup;
			children = (
				B09B803B196F027000800BD4 /* en */,
			);
			name = InfoPlist.strings;
			sourceTree = "<group>";
		};
/* End PBXVariantGroup section */

/* Begin XCBuildConfiguration section */
		B09B803F196F027000800BD4 /* Debug */ = {
			isa = XCBuildConfiguration;
			buildSettings = {
				ALWAYS_SEARCH_USER_PATHS = NO;
				CLANG_CXX_LANGUAGE_STANDARD = "gnu++0x";
				CLANG_CXX_LIBRARY = "libc++";
				CLANG_ENABLE_MODULES = YES;
				CLANG_ENABLE_OBJC_ARC = YES;
				CLANG_WARN_BOOL_CONVERSION = YES;
				CLANG_WARN_CONSTANT_CONVERSION = YES;
				CLANG_WARN_DIRECT_OBJC_ISA_USAGE = YES_ERROR;
				CLANG_WARN_EMPTY_BODY = YES;
				CLANG_WARN_ENUM_CONVERSION = YES;
				CLANG_WARN_INT_CONVERSION = YES;
				CLANG_WARN_OBJC_ROOT_CLASS = YES_ERROR;
				CLANG_WARN__DUPLICATE_METHOD_MATCH = YES;
				"CODE_SIGN_IDENTITY[sdk=iphoneos*]" = "iPhone Developer";
				COPY_PHASE_STRIP = NO;
				GCC_C_LANGUAGE_STANDARD = gnu99;
				GCC_DYNAMIC_NO_PIC = NO;
				GCC_OPTIMIZATION_LEVEL = 0;
				GCC_PREPROCESSOR_DEFINITIONS = (
					"DEBUG=1",
					"$(inherited)",
				);
				GCC_SYMBOLS_PRIVATE_EXTERN = NO;
				GCC_WARN_64_TO_32_BIT_CONVERSION = YES;
				GCC_WARN_ABOUT_RETURN_TYPE = YES_ERROR;
				GCC_WARN_UNDECLARED_SELECTOR = YES;
				GCC_WARN_UNINITIALIZED_AUTOS = YES_AGGRESSIVE;
				GCC_WARN_UNUSED_FUNCTION = YES;
				GCC_WARN_UNUSED_VARIABLE = YES;
				IPHONEOS_DEPLOYMENT_TARGET = 7.1;
				ONLY_ACTIVE_ARCH = YES;
				SDKROOT = iphoneos;
			};
			name = Debug;
		};
		B09B8040196F027000800BD4 /* Release */ = {
			isa = XCBuildConfiguration;
			buildSettings = {
				ALWAYS_SEARCH_USER_PATHS = NO;
				CLANG_CXX_LANGUAGE_STANDARD = "gnu++0x";
				CLANG_CXX_LIBRARY = "libc++";
				CLANG_ENABLE_MODULES = YES;
				CLANG_ENABLE_OBJC_ARC = YES;
				CLANG_WARN_BOOL_CONVERSION = YES;
				CLANG_WARN_CONSTANT_CONVERSION = YES;
				CLANG_WARN_DIRECT_OBJC_ISA_USAGE = YES_ERROR;
				CLANG_WARN_EMPTY_BODY = YES;
				CLANG_WARN_ENUM_CONVERSION = YES;
				CLANG_WARN_INT_CONVERSION = YES;
				CLANG_WARN_OBJC_ROOT_CLASS = YES_ERROR;
				CLANG_WARN__DUPLICATE_METHOD_MATCH = YES;
				"CODE_SIGN_IDENTITY[sdk=iphoneos*]" = "iPhone Developer";
				COPY_PHASE_STRIP = YES;
				ENABLE_NS_ASSERTIONS = NO;
				GCC_C_LANGUAGE_STANDARD = gnu99;
				GCC_WARN_64_TO_32_BIT_CONVERSION = YES;
				GCC_WARN_ABOUT_RETURN_TYPE = YES_ERROR;
				GCC_WARN_UNDECLARED_SELECTOR = YES;
				GCC_WARN_UNINITIALIZED_AUTOS = YES_AGGRESSIVE;
				GCC_WARN_UNUSED_FUNCTION = YES;
				GCC_WARN_UNUSED_VARIABLE = YES;
				IPHONEOS_DEPLOYMENT_TARGET = 7.1;
				SDKROOT = iphoneos;
				VALIDATE_PRODUCT = YES;
			};
			name = Release;
		};
		B09B8042196F027000800BD4 /* Debug */ = {
			isa = XCBuildConfiguration;
			buildSettings = {
				ASSETCATALOG_COMPILER_APPICON_NAME = AppIcon;
				ASSETCATALOG_COMPILER_LAUNCHIMAGE_NAME = LaunchImage;
				GCC_PRECOMPILE_PREFIX_HEADER = YES;
				GCC_PREFIX_HEADER = "scrollalot/scrollalot-Prefix.pch";
				INFOPLIST_FILE = "scrollalot/scrollalot-Info.plist";
				IPHONEOS_DEPLOYMENT_TARGET = 7.1;
				PRODUCT_NAME = "$(TARGET_NAME)";
				SPRITEKIT_TEXTURE_ATLAS_OUTPUT = YES;
				TARGETED_DEVICE_FAMILY = 1;
				WRAPPER_EXTENSION = app;
			};
			name = Debug;
		};
		B09B8043196F027000800BD4 /* Release */ = {
			isa = XCBuildConfiguration;
			buildSettings = {
				ASSETCATALOG_COMPILER_APPICON_NAME = AppIcon;
				ASSETCATALOG_COMPILER_LAUNCHIMAGE_NAME = LaunchImage;
				GCC_PRECOMPILE_PREFIX_HEADER = YES;
				GCC_PREFIX_HEADER = "scrollalot/scrollalot-Prefix.pch";
				INFOPLIST_FILE = "scrollalot/scrollalot-Info.plist";
				IPHONEOS_DEPLOYMENT_TARGET = 7.1;
				PRODUCT_NAME = "$(TARGET_NAME)";
				SPRITEKIT_TEXTURE_ATLAS_OUTPUT = YES;
				TARGETED_DEVICE_FAMILY = 1;
				WRAPPER_EXTENSION = app;
			};
			name = Release;
		};
		B09B8045196F027000800BD4 /* Debug */ = {
			isa = XCBuildConfiguration;
			buildSettings = {
				BUNDLE_LOADER = "$(BUILT_PRODUCTS_DIR)/scrollalot.app/scrollalot";
				FRAMEWORK_SEARCH_PATHS = (
					"$(SDKROOT)/Developer/Library/Frameworks",
					"$(inherited)",
					"$(DEVELOPER_FRAMEWORKS_DIR)",
				);
				GCC_PRECOMPILE_PREFIX_HEADER = YES;
				GCC_PREFIX_HEADER = "scrollalot/scrollalot-Prefix.pch";
				GCC_PREPROCESSOR_DEFINITIONS = (
					"DEBUG=1",
					"$(inherited)",
				);
				INFOPLIST_FILE = "scrollalotTests/scrollalotTests-Info.plist";
				PRODUCT_NAME = "$(TARGET_NAME)";
				TEST_HOST = "$(BUNDLE_LOADER)";
				WRAPPER_EXTENSION = xctest;
			};
			name = Debug;
		};
		B09B8046196F027000800BD4 /* Release */ = {
			isa = XCBuildConfiguration;
			buildSettings = {
				BUNDLE_LOADER = "$(BUILT_PRODUCTS_DIR)/scrollalot.app/scrollalot";
				FRAMEWORK_SEARCH_PATHS = (
					"$(SDKROOT)/Developer/Library/Frameworks",
					"$(inherited)",
					"$(DEVELOPER_FRAMEWORKS_DIR)",
				);
				GCC_PRECOMPILE_PREFIX_HEADER = YES;
				GCC_PREFIX_HEADER = "scrollalot/scrollalot-Prefix.pch";
				INFOPLIST_FILE = "scrollalotTests/scrollalotTests-Info.plist";
				PRODUCT_NAME = "$(TARGET_NAME)";
				TEST_HOST = "$(BUNDLE_LOADER)";
				WRAPPER_EXTENSION = xctest;
			};
			name = Release;
		};
/* End XCBuildConfiguration section */

/* Begin XCConfigurationList section */
		B09B8003196F027000800BD4 /* Build configuration list for PBXProject "scrollalot" */ = {
			isa = XCConfigurationList;
			buildConfigurations = (
				B09B803F196F027000800BD4 /* Debug */,
				B09B8040196F027000800BD4 /* Release */,
			);
			defaultConfigurationIsVisible = 0;
			defaultConfigurationName = Release;
		};
		B09B8041196F027000800BD4 /* Build configuration list for PBXNativeTarget "scrollalot" */ = {
			isa = XCConfigurationList;
			buildConfigurations = (
				B09B8042196F027000800BD4 /* Debug */,
				B09B8043196F027000800BD4 /* Release */,
			);
			defaultConfigurationIsVisible = 0;
			defaultConfigurationName = Release;
		};
		B09B8044196F027000800BD4 /* Build configuration list for PBXNativeTarget "scrollalotTests" */ = {
			isa = XCConfigurationList;
			buildConfigurations = (
				B09B8045196F027000800BD4 /* Debug */,
				B09B8046196F027000800BD4 /* Release */,
			);
			defaultConfigurationIsVisible = 0;
			defaultConfigurationName = Release;
		};
/* End XCConfigurationList section */

/* Begin XCVersionGroup section */
		B0ECE16C1970135200A6F3C5 /* ScrollalotDataModel.xcdatamodeld */ = {
			isa = XCVersionGroup;
			children = (
				B0ECE16D1970135200A6F3C5 /* ScrollalotDataModel.xcdatamodel */,
			);
			currentVersion = B0ECE16D1970135200A6F3C5 /* ScrollalotDataModel.xcdatamodel */;
			path = ScrollalotDataModel.xcdatamodeld;
			sourceTree = "<group>";
			versionGroupType = wrapper.xcdatamodel;
		};
/* End XCVersionGroup section */
	};
	rootObject = B09B8000196F027000800BD4 /* Project object */;
}
